
Microsoft Visual Studio Solution File, Format Version 12.00
# Visual Studio Version 17
VisualStudioVersion = 17.10.35122.118
MinimumVisualStudioVersion = 10.0.40219.1
Project("{FAE04EC0-301F-11D3-BF4B-00C04F79EFBC}") = "SchoolFrameworkAPI", "SchoolFrameworkAPI\SchoolFrameworkAPI.csproj", "{B8164BC8-E1FA-4ABE-A4D9-0775C41D443E}"
EndProject
Project("{FAE04EC0-301F-11D3-BF4B-00C04F79EFBC}") = "DataAccessLayer", "DataAccessLayer\DataAccessLayer.csproj", "{F3F19308-2395-4E15-B706-FBAF555ECC29}"
EndProject
Project("{FAE04EC0-301F-11D3-BF4B-00C04F79EFBC}") = "SchoolFrameworkAPI.Test", "SchoolFrameworkAPI.Test\SchoolFrameworkAPI.Test.csproj", "{1AB89BAD-DF2E-4C4B-BE52-A4E51974D404}"
EndProject
Global
	GlobalSection(SolutionConfigurationPlatforms) = preSolution
		Debug|Any CPU = Debug|Any CPU
		Release|Any CPU = Release|Any CPU
	EndGlobalSection
	GlobalSection(ProjectConfigurationPlatforms) = postSolution
		{B8164BC8-E1FA-4ABE-A4D9-0775C41D443E}.Debug|Any CPU.ActiveCfg = Debug|Any CPU
		{B8164BC8-E1FA-4ABE-A4D9-0775C41D443E}.Debug|Any CPU.Build.0 = Debug|Any CPU
		{B8164BC8-E1FA-4ABE-A4D9-0775C41D443E}.Release|Any CPU.ActiveCfg = Release|Any CPU
		{B8164BC8-E1FA-4ABE-A4D9-0775C41D443E}.Release|Any CPU.Build.0 = Release|Any CPU
		{F3F19308-2395-4E15-B706-FBAF555ECC29}.Debug|Any CPU.ActiveCfg = Debug|Any CPU
		{F3F19308-2395-4E15-B706-FBAF555ECC29}.Debug|Any CPU.Build.0 = Debug|Any CPU
		{F3F19308-2395-4E15-B706-FBAF555ECC29}.Release|Any CPU.ActiveCfg = Release|Any CPU
		{F3F19308-2395-4E15-B706-FBAF555ECC29}.Release|Any CPU.Build.0 = Release|Any CPU
		{1AB89BAD-DF2E-4C4B-BE52-A4E51974D404}.Debug|Any CPU.ActiveCfg = Debug|Any CPU
		{1AB89BAD-DF2E-4C4B-BE52-A4E51974D404}.Debug|Any CPU.Build.0 = Debug|Any CPU
		{1AB89BAD-DF2E-4C4B-BE52-A4E51974D404}.Release|Any CPU.ActiveCfg = Release|Any CPU
		{1AB89BAD-DF2E-4C4B-BE52-A4E51974D404}.Release|Any CPU.Build.0 = Release|Any CPU
	EndGlobalSection
	GlobalSection(SolutionProperties) = preSolution
		HideSolutionNode = FALSE
	EndGlobalSection
	GlobalSection(ExtensibilityGlobals) = postSolution
		SolutionGuid = {50BE3CC6-E66D-4BE9-A4AB-966012890969}
	EndGlobalSection
EndGlobal
